// !$*UTF8*$!
{
	archiveVersion = 1;
	classes = {
	};
	objectVersion = 56;
	objects = {

/* Begin PBXBuildFile section */
		C457C7A12997A04400298EC8 /* AppDelegate.swift in Sources */ = {isa = PBXBuildFile; fileRef = C457C7A02997A04400298EC8 /* AppDelegate.swift */; };
		C457C7A32997A04400298EC8 /* SceneDelegate.swift in Sources */ = {isa = PBXBuildFile; fileRef = C457C7A22997A04400298EC8 /* SceneDelegate.swift */; };
		C457C7A52997A04400298EC8 /* ViewController.swift in Sources */ = {isa = PBXBuildFile; fileRef = C457C7A42997A04400298EC8 /* ViewController.swift */; };
		C457C7A82997A04400298EC8 /* Main.storyboard in Resources */ = {isa = PBXBuildFile; fileRef = C457C7A62997A04400298EC8 /* Main.storyboard */; };
		C457C7AB2997A04400298EC8 /* Todo_App.xcdatamodeld in Sources */ = {isa = PBXBuildFile; fileRef = C457C7A92997A04400298EC8 /* Todo_App.xcdatamodeld */; };
		C457C7AD2997A04500298EC8 /* Assets.xcassets in Resources */ = {isa = PBXBuildFile; fileRef = C457C7AC2997A04500298EC8 /* Assets.xcassets */; };
		C457C7B02997A04500298EC8 /* LaunchScreen.storyboard in Resources */ = {isa = PBXBuildFile; fileRef = C457C7AE2997A04500298EC8 /* LaunchScreen.storyboard */; };
		C457C7B82997BD7700298EC8 /* TableViewCell.swift in Sources */ = {isa = PBXBuildFile; fileRef = C457C7B72997BD7700298EC8 /* TableViewCell.swift */; };
		C457C7BA2997BE3700298EC8 /* data.swift in Sources */ = {isa = PBXBuildFile; fileRef = C457C7B92997BE3700298EC8 /* data.swift */; };
		C457C7BE2997E4E900298EC8 /* AddNewListVC.swift in Sources */ = {isa = PBXBuildFile; fileRef = C457C7BD2997E4E900298EC8 /* AddNewListVC.swift */; };
		C457C7C029981B5400298EC8 /* TableViewCell2.swift in Sources */ = {isa = PBXBuildFile; fileRef = C457C7BF29981B5400298EC8 /* TableViewCell2.swift */; };
/* End PBXBuildFile section */

/* Begin PBXFileReference section */
		C457C79D2997A04400298EC8 /* Todo App.app */ = {isa = PBXFileReference; explicitFileType = wrapper.application; includeInIndex = 0; path = "Todo App.app"; sourceTree = BUILT_PRODUCTS_DIR; };
		C457C7A02997A04400298EC8 /* AppDelegate.swift */ = {isa = PBXFileReference; lastKnownFileType = sourcecode.swift; path = AppDelegate.swift; sourceTree = "<group>"; };
		C457C7A22997A04400298EC8 /* SceneDelegate.swift */ = {isa = PBXFileReference; lastKnownFileType = sourcecode.swift; path = SceneDelegate.swift; sourceTree = "<group>"; };
		C457C7A42997A04400298EC8 /* ViewController.swift */ = {isa = PBXFileReference; lastKnownFileType = sourcecode.swift; path = ViewController.swift; sourceTree = "<group>"; };
		C457C7A72997A04400298EC8 /* Base */ = {isa = PBXFileReference; lastKnownFileType = file.storyboard; name = Base; path = Base.lproj/Main.storyboard; sourceTree = "<group>"; };
		C457C7AA2997A04400298EC8 /* Todo_App.xcdatamodel */ = {isa = PBXFileReference; lastKnownFileType = wrapper.xcdatamodel; path = Todo_App.xcdatamodel; sourceTree = "<group>"; };
		C457C7AC2997A04500298EC8 /* Assets.xcassets */ = {isa = PBXFileReference; lastKnownFileType = folder.assetcatalog; path = Assets.xcassets; sourceTree = "<group>"; };
		C457C7AF2997A04500298EC8 /* Base */ = {isa = PBXFileReference; lastKnownFileType = file.storyboard; name = Base; path = Base.lproj/LaunchScreen.storyboard; sourceTree = "<group>"; };
		C457C7B12997A04500298EC8 /* Info.plist */ = {isa = PBXFileReference; lastKnownFileType = text.plist.xml; path = Info.plist; sourceTree = "<group>"; };
		C457C7B72997BD7700298EC8 /* TableViewCell.swift */ = {isa = PBXFileReference; lastKnownFileType = sourcecode.swift; path = TableViewCell.swift; sourceTree = "<group>"; };
		C457C7B92997BE3700298EC8 /* data.swift */ = {isa = PBXFileReference; lastKnownFileType = sourcecode.swift; path = data.swift; sourceTree = "<group>"; };
		C457C7BD2997E4E900298EC8 /* AddNewListVC.swift */ = {isa = PBXFileReference; lastKnownFileType = sourcecode.swift; path = AddNewListVC.swift; sourceTree = "<group>"; };
		C457C7BF29981B5400298EC8 /* TableViewCell2.swift */ = {isa = PBXFileReference; lastKnownFileType = sourcecode.swift; path = TableViewCell2.swift; sourceTree = "<group>"; };
/* End PBXFileReference section */

/* Begin PBXFrameworksBuildPhase section */
		C457C79A2997A04400298EC8 /* Frameworks */ = {
			isa = PBXFrameworksBuildPhase;
			buildActionMask = 2147483647;
			files = (
			);
			runOnlyForDeploymentPostprocessing = 0;
		};
/* End PBXFrameworksBuildPhase section */

/* Begin PBXGroup section */
		C43758C5299B93A8002C31B7 /* Resources */ = {
			isa = PBXGroup;
			children = (
				C457C7AC2997A04500298EC8 /* Assets.xcassets */,
			);
			path = Resources;
			sourceTree = "<group>";
		};
		C43758C6299B93C2002C31B7 /* Supporting Files */ = {
			isa = PBXGroup;
			children = (
				C457C7A02997A04400298EC8 /* AppDelegate.swift */,
				C457C7A22997A04400298EC8 /* SceneDelegate.swift */,
				C457C7B12997A04500298EC8 /* Info.plist */,
				C457C7A62997A04400298EC8 /* Main.storyboard */,
				C457C7AE2997A04500298EC8 /* LaunchScreen.storyboard */,
			);
			path = "Supporting Files";
			sourceTree = "<group>";
		};
		C4551A79299B9532006709D5 /* Models */ = {
			isa = PBXGroup;
			children = (
				C457C7B92997BE3700298EC8 /* data.swift */,
			);
			path = Models;
			sourceTree = "<group>";
		};
		C4551A7A299B9551006709D5 /* Views */ = {
			isa = PBXGroup;
			children = (
				C4551A7C299B956F006709D5 /* Navigation */,
				C4551A7B299B9558006709D5 /* Screen */,
			);
			path = Views;
			sourceTree = "<group>";
		};
		C4551A7B299B9558006709D5 /* Screen */ = {
			isa = PBXGroup;
			children = (
				C457C7B72997BD7700298EC8 /* TableViewCell.swift */,
				C457C7BF29981B5400298EC8 /* TableViewCell2.swift */,
			);
			path = Screen;
			sourceTree = "<group>";
		};
		C4551A7C299B956F006709D5 /* Navigation */ = {
			isa = PBXGroup;
			children = (
				C457C7A42997A04400298EC8 /* ViewController.swift */,
				C457C7BD2997E4E900298EC8 /* AddNewListVC.swift */,
			);
			path = Navigation;
			sourceTree = "<group>";
		};
		C457C7942997A04400298EC8 = {
			isa = PBXGroup;
			children = (
				C457C79F2997A04400298EC8 /* Todo App */,
				C457C79E2997A04400298EC8 /* Products */,
			);
			sourceTree = "<group>";
		};
		C457C79E2997A04400298EC8 /* Products */ = {
			isa = PBXGroup;
			children = (
				C457C79D2997A04400298EC8 /* Todo App.app */,
			);
			name = Products;
			sourceTree = "<group>";
		};
		C457C79F2997A04400298EC8 /* Todo App */ = {
			isa = PBXGroup;
			children = (
				C4551A7A299B9551006709D5 /* Views */,
				C4551A79299B9532006709D5 /* Models */,
				C43758C6299B93C2002C31B7 /* Supporting Files */,
				C43758C5299B93A8002C31B7 /* Resources */,
				C457C7A92997A04400298EC8 /* Todo_App.xcdatamodeld */,
			);
			path = "Todo App";
			sourceTree = "<group>";
		};
/* End PBXGroup section */

/* Begin PBXNativeTarget section */
		C457C79C2997A04400298EC8 /* Todo App */ = {
			isa = PBXNativeTarget;
			buildConfigurationList = C457C7B42997A04500298EC8 /* Build configuration list for PBXNativeTarget "Todo App" */;
			buildPhases = (
				C457C7992997A04400298EC8 /* Sources */,
				C457C79A2997A04400298EC8 /* Frameworks */,
				C457C79B2997A04400298EC8 /* Resources */,
			);
			buildRules = (
			);
			dependencies = (
			);
			name = "Todo App";
			productName = "Todo App";
			productReference = C457C79D2997A04400298EC8 /* Todo App.app */;
			productType = "com.apple.product-type.application";
		};
/* End PBXNativeTarget section */

/* Begin PBXProject section */
		C457C7952997A04400298EC8 /* Project object */ = {
			isa = PBXProject;
			attributes = {
				BuildIndependentTargetsInParallel = 1;
				LastSwiftUpdateCheck = 1420;
				LastUpgradeCheck = 1420;
				TargetAttributes = {
					C457C79C2997A04400298EC8 = {
						CreatedOnToolsVersion = 14.2;
					};
				};
			};
			buildConfigurationList = C457C7982997A04400298EC8 /* Build configuration list for PBXProject "Todo App" */;
			compatibilityVersion = "Xcode 14.0";
			developmentRegion = en;
			hasScannedForEncodings = 0;
			knownRegions = (
				en,
				Base,
			);
			mainGroup = C457C7942997A04400298EC8;
			productRefGroup = C457C79E2997A04400298EC8 /* Products */;
			projectDirPath = "";
			projectRoot = "";
			targets = (
				C457C79C2997A04400298EC8 /* Todo App */,
			);
		};
/* End PBXProject section */

/* Begin PBXResourcesBuildPhase section */
		C457C79B2997A04400298EC8 /* Resources */ = {
			isa = PBXResourcesBuildPhase;
			buildActionMask = 2147483647;
			files = (
				C457C7B02997A04500298EC8 /* LaunchScreen.storyboard in Resources */,
				C457C7AD2997A04500298EC8 /* Assets.xcassets in Resources */,
				C457C7A82997A04400298EC8 /* Main.storyboard in Resources */,
			);
			runOnlyForDeploymentPostprocessing = 0;
		};
/* End PBXResourcesBuildPhase section */

/* Begin PBXSourcesBuildPhase section */
		C457C7992997A04400298EC8 /* Sources */ = {
			isa = PBXSourcesBuildPhase;
			buildActionMask = 2147483647;
			files = (
				C457C7B82997BD7700298EC8 /* TableViewCell.swift in Sources */,
				C457C7BA2997BE3700298EC8 /* data.swift in Sources */,
				C457C7A52997A04400298EC8 /* ViewController.swift in Sources */,
				C457C7BE2997E4E900298EC8 /* AddNewListVC.swift in Sources */,
				C457C7C029981B5400298EC8 /* TableViewCell2.swift in Sources */,
				C457C7A12997A04400298EC8 /* AppDelegate.swift in Sources */,
				C457C7A32997A04400298EC8 /* SceneDelegate.swift in Sources */,
				C457C7AB2997A04400298EC8 /* Todo_App.xcdatamodeld in Sources */,
			);
			runOnlyForDeploymentPostprocessing = 0;
		};
/* End PBXSourcesBuildPhase section */

/* Begin PBXVariantGroup section */
		C457C7A62997A04400298EC8 /* Main.storyboard */ = {
			isa = PBXVariantGroup;
			children = (
				C457C7A72997A04400298EC8 /* Base */,
			);
			name = Main.storyboard;
			sourceTree = "<group>";
		};
		C457C7AE2997A04500298EC8 /* LaunchScreen.storyboard */ = {
			isa = PBXVariantGroup;
			children = (
				C457C7AF2997A04500298EC8 /* Base */,
			);
			name = LaunchScreen.storyboard;
			sourceTree = "<group>";
		};
/* End PBXVariantGroup section */

/* Begin XCBuildConfiguration section */
		C457C7B22997A04500298EC8 /* Debug */ = {
			isa = XCBuildConfiguration;
			buildSettings = {
				ALWAYS_SEARCH_USER_PATHS = NO;
				CLANG_ANALYZER_NONNULL = YES;
				CLANG_ANALYZER_NUMBER_OBJECT_CONVERSION = YES_AGGRESSIVE;
				CLANG_CXX_LANGUAGE_STANDARD = "gnu++20";
				CLANG_ENABLE_MODULES = YES;
				CLANG_ENABLE_OBJC_ARC = YES;
				CLANG_ENABLE_OBJC_WEAK = YES;
				CLANG_WARN_BLOCK_CAPTURE_AUTORELEASING = YES;
				CLANG_WARN_BOOL_CONVERSION = YES;
				CLANG_WARN_COMMA = YES;
				CLANG_WARN_CONSTANT_CONVERSION = YES;
				CLANG_WARN_DEPRECATED_OBJC_IMPLEMENTATIONS = YES;
				CLANG_WARN_DIRECT_OBJC_ISA_USAGE = YES_ERROR;
				CLANG_WARN_DOCUMENTATION_COMMENTS = YES;
				CLANG_WARN_EMPTY_BODY = YES;
				CLANG_WARN_ENUM_CONVERSION = YES;
				CLANG_WARN_INFINITE_RECURSION = YES;
				CLANG_WARN_INT_CONVERSION = YES;
				CLANG_WARN_NON_LITERAL_NULL_CONVERSION = YES;
				CLANG_WARN_OBJC_IMPLICIT_RETAIN_SELF = YES;
				CLANG_WARN_OBJC_LITERAL_CONVERSION = YES;
				CLANG_WARN_OBJC_ROOT_CLASS = YES_ERROR;
				CLANG_WARN_QUOTED_INCLUDE_IN_FRAMEWORK_HEADER = YES;
				CLANG_WARN_RANGE_LOOP_ANALYSIS = YES;
				CLANG_WARN_STRICT_PROTOTYPES = YES;
				CLANG_WARN_SUSPICIOUS_MOVE = YES;
				CLANG_WARN_UNGUARDED_AVAILABILITY = YES_AGGRESSIVE;
				CLANG_WARN_UNREACHABLE_CODE = YES;
				CLANG_WARN__DUPLICATE_METHOD_MATCH = YES;
				COPY_PHASE_STRIP = NO;
				DEBUG_INFORMATION_FORMAT = dwarf;
				ENABLE_STRICT_OBJC_MSGSEND = YES;
				ENABLE_TESTABILITY = YES;
				GCC_C_LANGUAGE_STANDARD = gnu11;
				GCC_DYNAMIC_NO_PIC = NO;
				GCC_NO_COMMON_BLOCKS = YES;
				GCC_OPTIMIZATION_LEVEL = 0;
				GCC_PREPROCESSOR_DEFINITIONS = (
					"DEBUG=1",
					"$(inherited)",
				);
				GCC_WARN_64_TO_32_BIT_CONVERSION = YES;
				GCC_WARN_ABOUT_RETURN_TYPE = YES_ERROR;
				GCC_WARN_UNDECLARED_SELECTOR = YES;
				GCC_WARN_UNINITIALIZED_AUTOS = YES_AGGRESSIVE;
				GCC_WARN_UNUSED_FUNCTION = YES;
				GCC_WARN_UNUSED_VARIABLE = YES;
				IPHONEOS_DEPLOYMENT_TARGET = 16.2;
				MTL_ENABLE_DEBUG_INFO = INCLUDE_SOURCE;
				MTL_FAST_MATH = YES;
				ONLY_ACTIVE_ARCH = YES;
				SDKROOT = iphoneos;
				SWIFT_ACTIVE_COMPILATION_CONDITIONS = DEBUG;
				SWIFT_OPTIMIZATION_LEVEL = "-Onone";
			};
			name = Debug;
		};
		C457C7B32997A04500298EC8 /* Release */ = {
			isa = XCBuildConfiguration;
			buildSettings = {
				ALWAYS_SEARCH_USER_PATHS = NO;
				CLANG_ANALYZER_NONNULL = YES;
				CLANG_ANALYZER_NUMBER_OBJECT_CONVERSION = YES_AGGRESSIVE;
				CLANG_CXX_LANGUAGE_STANDARD = "gnu++20";
				CLANG_ENABLE_MODULES = YES;
				CLANG_ENABLE_OBJC_ARC = YES;
				CLANG_ENABLE_OBJC_WEAK = YES;
				CLANG_WARN_BLOCK_CAPTURE_AUTORELEASING = YES;
				CLANG_WARN_BOOL_CONVERSION = YES;
				CLANG_WARN_COMMA = YES;
				CLANG_WARN_CONSTANT_CONVERSION = YES;
				CLANG_WARN_DEPRECATED_OBJC_IMPLEMENTATIONS = YES;
				CLANG_WARN_DIRECT_OBJC_ISA_USAGE = YES_ERROR;
				CLANG_WARN_DOCUMENTATION_COMMENTS = YES;
				CLANG_WARN_EMPTY_BODY = YES;
				CLANG_WARN_ENUM_CONVERSION = YES;
				CLANG_WARN_INFINITE_RECURSION = YES;
				CLANG_WARN_INT_CONVERSION = YES;
				CLANG_WARN_NON_LITERAL_NULL_CONVERSION = YES;
				CLANG_WARN_OBJC_IMPLICIT_RETAIN_SELF = YES;
				CLANG_WARN_OBJC_LITERAL_CONVERSION = YES;
				CLANG_WARN_OBJC_ROOT_CLASS = YES_ERROR;
				CLANG_WARN_QUOTED_INCLUDE_IN_FRAMEWORK_HEADER = YES;
				CLANG_WARN_RANGE_LOOP_ANALYSIS = YES;
				CLANG_WARN_STRICT_PROTOTYPES = YES;
				CLANG_WARN_SUSPICIOUS_MOVE = YES;
				CLANG_WARN_UNGUARDED_AVAILABILITY = YES_AGGRESSIVE;
				CLANG_WARN_UNREACHABLE_CODE = YES;
				CLANG_WARN__DUPLICATE_METHOD_MATCH = YES;
				COPY_PHASE_STRIP = NO;
				DEBUG_INFORMATION_FORMAT = "dwarf-with-dsym";
				ENABLE_NS_ASSERTIONS = NO;
				ENABLE_STRICT_OBJC_MSGSEND = YES;
				GCC_C_LANGUAGE_STANDARD = gnu11;
				GCC_NO_COMMON_BLOCKS = YES;
				GCC_WARN_64_TO_32_BIT_CONVERSION = YES;
				GCC_WARN_ABOUT_RETURN_TYPE = YES_ERROR;
				GCC_WARN_UNDECLARED_SELECTOR = YES;
				GCC_WARN_UNINITIALIZED_AUTOS = YES_AGGRESSIVE;
				GCC_WARN_UNUSED_FUNCTION = YES;
				GCC_WARN_UNUSED_VARIABLE = YES;
				IPHONEOS_DEPLOYMENT_TARGET = 16.2;
				MTL_ENABLE_DEBUG_INFO = NO;
				MTL_FAST_MATH = YES;
				SDKROOT = iphoneos;
				SWIFT_COMPILATION_MODE = wholemodule;
				SWIFT_OPTIMIZATION_LEVEL = "-O";
				VALIDATE_PRODUCT = YES;
			};
			name = Release;
		};
		C457C7B52997A04500298EC8 /* Debug */ = {
			isa = XCBuildConfiguration;
			buildSettings = {
				ASSETCATALOG_COMPILER_APPICON_NAME = AppIcon;
				ASSETCATALOG_COMPILER_GLOBAL_ACCENT_COLOR_NAME = AccentColor;
				CODE_SIGN_STYLE = Automatic;
				CURRENT_PROJECT_VERSION = 1;
				DEVELOPMENT_TEAM = 4G62V83ABK;
				GENERATE_INFOPLIST_FILE = YES;
				INFOPLIST_FILE = "Todo App/Supporting Files/Info.plist";
				INFOPLIST_KEY_UIApplicationSupportsIndirectInputEvents = YES;
				INFOPLIST_KEY_UILaunchStoryboardName = LaunchScreen;
				INFOPLIST_KEY_UIMainStoryboardFile = Main;
				INFOPLIST_KEY_UISupportedInterfaceOrientations_iPad = "UIInterfaceOrientationPortrait UIInterfaceOrientationPortraitUpsideDown UIInterfaceOrientationLandscapeLeft UIInterfaceOrientationLandscapeRight";
				INFOPLIST_KEY_UISupportedInterfaceOrientations_iPhone = "UIInterfaceOrientationPortrait UIInterfaceOrientationLandscapeLeft UIInterfaceOrientationLandscapeRight";
				LD_RUNPATH_SEARCH_PATHS = (
					"$(inherited)",
					"@executable_path/Frameworks",
				);
				MARKETING_VERSION = 1.0;
				PRODUCT_BUNDLE_IDENTIFIER = "Gara.Todo-App";
				PRODUCT_NAME = "$(TARGET_NAME)";
				SWIFT_EMIT_LOC_STRINGS = YES;
				SWIFT_VERSION = 5.0;
				TARGETED_DEVICE_FAMILY = "1,2";
			};
			name = Debug;
		};
		C457C7B62997A04500298EC8 /* Release */ = {
			isa = XCBuildConfiguration;
			buildSettings = {
				ASSETCATALOG_COMPILER_APPICON_NAME = AppIcon;
				ASSETCATALOG_COMPILER_GLOBAL_ACCENT_COLOR_NAME = AccentColor;
				CODE_SIGN_STYLE = Automatic;
				CURRENT_PROJECT_VERSION = 1;
				DEVELOPMENT_TEAM = 4G62V83ABK;
				GENERATE_INFOPLIST_FILE = YES;
				INFOPLIST_FILE = "Todo App/Supporting Files/Info.plist";
				INFOPLIST_KEY_UIApplicationSupportsIndirectInputEvents = YES;
				INFOPLIST_KEY_UILaunchStoryboardName = LaunchScreen;
				INFOPLIST_KEY_UIMainStoryboardFile = Main;
				INFOPLIST_KEY_UISupportedInterfaceOrientations_iPad = "UIInterfaceOrientationPortrait UIInterfaceOrientationPortraitUpsideDown UIInterfaceOrientationLandscapeLeft UIInterfaceOrientationLandscapeRight";
				INFOPLIST_KEY_UISupportedInterfaceOrientations_iPhone = "UIInterfaceOrientationPortrait UIInterfaceOrientationLandscapeLeft UIInterfaceOrientationLandscapeRight";
				LD_RUNPATH_SEARCH_PATHS = (
					"$(inherited)",
					"@executable_path/Frameworks",
				);
				MARKETING_VERSION = 1.0;
				PRODUCT_BUNDLE_IDENTIFIER = "Gara.Todo-App";
				PRODUCT_NAME = "$(TARGET_NAME)";
				SWIFT_EMIT_LOC_STRINGS = YES;
				SWIFT_VERSION = 5.0;
				TARGETED_DEVICE_FAMILY = "1,2";
			};
			name = Release;
		};
/* End XCBuildConfiguration section */

/* Begin XCConfigurationList section */
		C457C7982997A04400298EC8 /* Build configuration list for PBXProject "Todo App" */ = {
			isa = XCConfigurationList;
			buildConfigurations = (
				C457C7B22997A04500298EC8 /* Debug */,
				C457C7B32997A04500298EC8 /* Release */,
			);
			defaultConfigurationIsVisible = 0;
			defaultConfigurationName = Release;
		};
		C457C7B42997A04500298EC8 /* Build configuration list for PBXNativeTarget "Todo App" */ = {
			isa = XCConfigurationList;
			buildConfigurations = (
				C457C7B52997A04500298EC8 /* Debug */,
				C457C7B62997A04500298EC8 /* Release */,
			);
			defaultConfigurationIsVisible = 0;
			defaultConfigurationName = Release;
		};
/* End XCConfigurationList section */

/* Begin XCVersionGroup section */
		C457C7A92997A04400298EC8 /* Todo_App.xcdatamodeld */ = {
			isa = XCVersionGroup;
			children = (
				C457C7AA2997A04400298EC8 /* Todo_App.xcdatamodel */,
			);
			currentVersion = C457C7AA2997A04400298EC8 /* Todo_App.xcdatamodel */;
			path = Todo_App.xcdatamodeld;
			sourceTree = "<group>";
			versionGroupType = wrapper.xcdatamodel;
		};
/* End XCVersionGroup section */
	};
	rootObject = C457C7952997A04400298EC8 /* Project object */;
}
